
Microsoft Visual Studio Solution File, Format Version 12.00
# Visual Studio Version 16
VisualStudioVersion = 16.0.31515.178
MinimumVisualStudioVersion = 10.0.40219.1
Project("{FAE04EC0-301F-11D3-BF4B-00C04F79EFBC}") = "Test-App", "Test-App\Test-App.csproj", "{564DD4C7-0E60-4500-B27F-0FEDD3A2CDC7}"
EndProject
Project("{9A19103F-16F7-4668-BE54-9A1E7A4F7556}") = "JSON-To-CSV", "JSON-To-CSV\JSON-To-CSV.csproj", "{312BFE14-60FD-49E7-98F0-EE401E77C433}"
EndProject
Global
	GlobalSection(SolutionConfigurationPlatforms) = preSolution
		Debug|Any CPU = Debug|Any CPU
		Release|Any CPU = Release|Any CPU
	EndGlobalSection
	GlobalSection(ProjectConfigurationPlatforms) = postSolution
		{564DD4C7-0E60-4500-B27F-0FEDD3A2CDC7}.Debug|Any CPU.ActiveCfg = Debug|Any CPU
		{564DD4C7-0E60-4500-B27F-0FEDD3A2CDC7}.Debug|Any CPU.Build.0 = Debug|Any CPU
		{564DD4C7-0E60-4500-B27F-0FEDD3A2CDC7}.Release|Any CPU.ActiveCfg = Release|Any CPU
		{564DD4C7-0E60-4500-B27F-0FEDD3A2CDC7}.Release|Any CPU.Build.0 = Release|Any CPU
		{312BFE14-60FD-49E7-98F0-EE401E77C433}.Debug|Any CPU.ActiveCfg = Debug|Any CPU
		{312BFE14-60FD-49E7-98F0-EE401E77C433}.Debug|Any CPU.Build.0 = Debug|Any CPU
		{312BFE14-60FD-49E7-98F0-EE401E77C433}.Release|Any CPU.ActiveCfg = Release|Any CPU
		{312BFE14-60FD-49E7-98F0-EE401E77C433}.Release|Any CPU.Build.0 = Release|Any CPU
	EndGlobalSection
	GlobalSection(SolutionProperties) = preSolution
		HideSolutionNode = FALSE
	EndGlobalSection
	GlobalSection(ExtensibilityGlobals) = postSolution
		SolutionGuid = {DE0361DC-E17E-42C5-B8B8-3ED186FA4E46}
	EndGlobalSection
EndGlobal
